
Microsoft Visual Studio Solution File, Format Version 12.00
# Visual Studio Version 17
VisualStudioVersion = 17.7.34031.279
MinimumVisualStudioVersion = 10.0.40219.1
Project("{FAE04EC0-301F-11D3-BF4B-00C04F79EFBC}") = "TransactionRecordManagement", "TransactionRecordManagement\TransactionRecordManagement.csproj", "{A8ABE5AE-CE16-49E6-8635-AD3F3DD63E76}"
EndProject
Global
	GlobalSection(SolutionConfigurationPlatforms) = preSolution
		Debug|Any CPU = Debug|Any CPU
		Release|Any CPU = Release|Any CPU
	EndGlobalSection
	GlobalSection(ProjectConfigurationPlatforms) = postSolution
		{A8ABE5AE-CE16-49E6-8635-AD3F3DD63E76}.Debug|Any CPU.ActiveCfg = Debug|Any CPU
		{A8ABE5AE-CE16-49E6-8635-AD3F3DD63E76}.Debug|Any CPU.Build.0 = Debug|Any CPU
		{A8ABE5AE-CE16-49E6-8635-AD3F3DD63E76}.Release|Any CPU.ActiveCfg = Release|Any CPU
		{A8ABE5AE-CE16-49E6-8635-AD3F3DD63E76}.Release|Any CPU.Build.0 = Release|Any CPU
	EndGlobalSection
	GlobalSection(SolutionProperties) = preSolution
		HideSolutionNode = FALSE
	EndGlobalSection
	GlobalSection(ExtensibilityGlobals) = postSolution
		SolutionGuid = {56703B31-3413-4479-8BDF-63562D295750}
	EndGlobalSection
EndGlobal
